// !$*UTF8*$!
{
	archiveVersion = 1;
	classes = {
	};
	objectVersion = 46;
	objects = {

/* Begin PBXBuildFile section */
		0179E59E185B54F400AC2C88 /* UIKit.framework in Frameworks */ = {isa = PBXBuildFile; fileRef = 0179E59D185B54F400AC2C88 /* UIKit.framework */; };
		0179E5A0185B54F400AC2C88 /* Foundation.framework in Frameworks */ = {isa = PBXBuildFile; fileRef = 0179E59F185B54F400AC2C88 /* Foundation.framework */; };
		0179E5A2185B54F400AC2C88 /* CoreGraphics.framework in Frameworks */ = {isa = PBXBuildFile; fileRef = 0179E5A1185B54F400AC2C88 /* CoreGraphics.framework */; };
		0179E5A8185B54F400AC2C88 /* InfoPlist.strings in Resources */ = {isa = PBXBuildFile; fileRef = 0179E5A6185B54F400AC2C88 /* InfoPlist.strings */; };
		0179E5AA185B54F400AC2C88 /* main.m in Sources */ = {isa = PBXBuildFile; fileRef = 0179E5A9185B54F400AC2C88 /* main.m */; };
		0179E5AE185B54F400AC2C88 /* AppDelegate.m in Sources */ = {isa = PBXBuildFile; fileRef = 0179E5AD185B54F400AC2C88 /* AppDelegate.m */; };
		0179E5B0185B54F400AC2C88 /* Default.png in Resources */ = {isa = PBXBuildFile; fileRef = 0179E5AF185B54F400AC2C88 /* Default.png */; };
		0179E5B2185B54F400AC2C88 /* Default@2x.png in Resources */ = {isa = PBXBuildFile; fileRef = 0179E5B1185B54F400AC2C88 /* Default@2x.png */; };
		0179E5B4185B54F400AC2C88 /* Default-568h@2x.png in Resources */ = {isa = PBXBuildFile; fileRef = 0179E5B3185B54F400AC2C88 /* Default-568h@2x.png */; };
		0179E5B7185B54F400AC2C88 /* MainStoryboard.storyboard in Resources */ = {isa = PBXBuildFile; fileRef = 0179E5B5185B54F400AC2C88 /* MainStoryboard.storyboard */; };
		0179E5BA185B54F400AC2C88 /* ViewController.m in Sources */ = {isa = PBXBuildFile; fileRef = 0179E5B9185B54F400AC2C88 /* ViewController.m */; };
/* End PBXBuildFile section */

/* Begin PBXFileReference section */
		0179E59A185B54F400AC2C88 /* FirstWebData.app */ = {isa = PBXFileReference; explicitFileType = wrapper.application; includeInIndex = 0; path = FirstWebData.app; sourceTree = BUILT_PRODUCTS_DIR; };
		0179E59D185B54F400AC2C88 /* UIKit.framework */ = {isa = PBXFileReference; lastKnownFileType = wrapper.framework; name = UIKit.framework; path = System/Library/Frameworks/UIKit.framework; sourceTree = SDKROOT; };
		0179E59F185B54F400AC2C88 /* Foundation.framework */ = {isa = PBXFileReference; lastKnownFileType = wrapper.framework; name = Foundation.framework; path = System/Library/Frameworks/Foundation.framework; sourceTree = SDKROOT; };
		0179E5A1185B54F400AC2C88 /* CoreGraphics.framework */ = {isa = PBXFileReference; lastKnownFileType = wrapper.framework; name = CoreGraphics.framework; path = System/Library/Frameworks/CoreGraphics.framework; sourceTree = SDKROOT; };
		0179E5A5185B54F400AC2C88 /* FirstWebData-Info.plist */ = {isa = PBXFileReference; lastKnownFileType = text.plist.xml; path = "FirstWebData-Info.plist"; sourceTree = "<group>"; };
		0179E5A7185B54F400AC2C88 /* en */ = {isa = PBXFileReference; lastKnownFileType = text.plist.strings; name = en; path = en.lproj/InfoPlist.strings; sourceTree = "<group>"; };
		0179E5A9185B54F400AC2C88 /* main.m */ = {isa = PBXFileReference; lastKnownFileType = sourcecode.c.objc; path = main.m; sourceTree = "<group>"; };
		0179E5AB185B54F400AC2C88 /* FirstWebData-Prefix.pch */ = {isa = PBXFileReference; lastKnownFileType = sourcecode.c.h; path = "FirstWebData-Prefix.pch"; sourceTree = "<group>"; };
		0179E5AC185B54F400AC2C88 /* AppDelegate.h */ = {isa = PBXFileReference; lastKnownFileType = sourcecode.c.h; path = AppDelegate.h; sourceTree = "<group>"; };
		0179E5AD185B54F400AC2C88 /* AppDelegate.m */ = {isa = PBXFileReference; lastKnownFileType = sourcecode.c.objc; path = AppDelegate.m; sourceTree = "<group>"; };
		0179E5AF185B54F400AC2C88 /* Default.png */ = {isa = PBXFileReference; lastKnownFileType = image.png; path = Default.png; sourceTree = "<group>"; };
		0179E5B1185B54F400AC2C88 /* Default@2x.png */ = {isa = PBXFileReference; lastKnownFileType = image.png; path = "Default@2x.png"; sourceTree = "<group>"; };
		0179E5B3185B54F400AC2C88 /* Default-568h@2x.png */ = {isa = PBXFileReference; lastKnownFileType = image.png; path = "Default-568h@2x.png"; sourceTree = "<group>"; };
		0179E5B6185B54F400AC2C88 /* en */ = {isa = PBXFileReference; lastKnownFileType = file.storyboard; name = en; path = en.lproj/MainStoryboard.storyboard; sourceTree = "<group>"; };
		0179E5B8185B54F400AC2C88 /* ViewController.h */ = {isa = PBXFileReference; lastKnownFileType = sourcecode.c.h; path = ViewController.h; sourceTree = "<group>"; };
		0179E5B9185B54F400AC2C88 /* ViewController.m */ = {isa = PBXFileReference; lastKnownFileType = sourcecode.c.objc; path = ViewController.m; sourceTree = "<group>"; };
/* End PBXFileReference section */

/* Begin PBXFrameworksBuildPhase section */
		0179E597185B54F400AC2C88 /* Frameworks */ = {
			isa = PBXFrameworksBuildPhase;
			buildActionMask = 2147483647;
			files = (
				0179E59E185B54F400AC2C88 /* UIKit.framework in Frameworks */,
				0179E5A0185B54F400AC2C88 /* Foundation.framework in Frameworks */,
				0179E5A2185B54F400AC2C88 /* CoreGraphics.framework in Frameworks */,
			);
			runOnlyForDeploymentPostprocessing = 0;
		};
/* End PBXFrameworksBuildPhase section */

/* Begin PBXGroup section */
		0179E591185B54F400AC2C88 = {
			isa = PBXGroup;
			children = (
				0179E5A3185B54F400AC2C88 /* FirstWebData */,
				0179E59C185B54F400AC2C88 /* Frameworks */,
				0179E59B185B54F400AC2C88 /* Products */,
			);
			sourceTree = "<group>";
		};
		0179E59B185B54F400AC2C88 /* Products */ = {
			isa = PBXGroup;
			children = (
				0179E59A185B54F400AC2C88 /* FirstWebData.app */,
			);
			name = Products;
			sourceTree = "<group>";
		};
		0179E59C185B54F400AC2C88 /* Frameworks */ = {
			isa = PBXGroup;
			children = (
				0179E59D185B54F400AC2C88 /* UIKit.framework */,
				0179E59F185B54F400AC2C88 /* Foundation.framework */,
				0179E5A1185B54F400AC2C88 /* CoreGraphics.framework */,
			);
			name = Frameworks;
			sourceTree = "<group>";
		};
		0179E5A3185B54F400AC2C88 /* FirstWebData */ = {
			isa = PBXGroup;
			children = (
				0179E5AC185B54F400AC2C88 /* AppDelegate.h */,
				0179E5AD185B54F400AC2C88 /* AppDelegate.m */,
				0179E5B5185B54F400AC2C88 /* MainStoryboard.storyboard */,
				0179E5B8185B54F400AC2C88 /* ViewController.h */,
				0179E5B9185B54F400AC2C88 /* ViewController.m */,
				0179E5A4185B54F400AC2C88 /* Supporting Files */,
			);
			path = FirstWebData;
			sourceTree = "<group>";
		};
		0179E5A4185B54F400AC2C88 /* Supporting Files */ = {
			isa = PBXGroup;
			children = (
				0179E5A5185B54F400AC2C88 /* FirstWebData-Info.plist */,
				0179E5A6185B54F400AC2C88 /* InfoPlist.strings */,
				0179E5A9185B54F400AC2C88 /* main.m */,
				0179E5AB185B54F400AC2C88 /* FirstWebData-Prefix.pch */,
				0179E5AF185B54F400AC2C88 /* Default.png */,
				0179E5B1185B54F400AC2C88 /* Default@2x.png */,
				0179E5B3185B54F400AC2C88 /* Default-568h@2x.png */,
			);
			name = "Supporting Files";
			sourceTree = "<group>";
		};
/* End PBXGroup section */

/* Begin PBXNativeTarget section */
		0179E599185B54F400AC2C88 /* FirstWebData */ = {
			isa = PBXNativeTarget;
			buildConfigurationList = 0179E5BD185B54F400AC2C88 /* Build configuration list for PBXNativeTarget "FirstWebData" */;
			buildPhases = (
				0179E596185B54F400AC2C88 /* Sources */,
				0179E597185B54F400AC2C88 /* Frameworks */,
				0179E598185B54F400AC2C88 /* Resources */,
			);
			buildRules = (
			);
			dependencies = (
			);
			name = FirstWebData;
			productName = FirstWebData;
			productReference = 0179E59A185B54F400AC2C88 /* FirstWebData.app */;
			productType = "com.apple.product-type.application";
		};
/* End PBXNativeTarget section */

/* Begin PBXProject section */
		0179E592185B54F400AC2C88 /* Project object */ = {
			isa = PBXProject;
			attributes = {
				LastUpgradeCheck = 0460;
				ORGANIZATIONNAME = Smartatech;
			};
			buildConfigurationList = 0179E595185B54F400AC2C88 /* Build configuration list for PBXProject "FirstWebData" */;
			compatibilityVersion = "Xcode 3.2";
			developmentRegion = English;
			hasScannedForEncodings = 0;
			knownRegions = (
				en,
			);
			mainGroup = 0179E591185B54F400AC2C88;
			productRefGroup = 0179E59B185B54F400AC2C88 /* Products */;
			projectDirPath = "";
			projectRoot = "";
			targets = (
				0179E599185B54F400AC2C88 /* FirstWebData */,
			);
		};
/* End PBXProject section */

/* Begin PBXResourcesBuildPhase section */
		0179E598185B54F400AC2C88 /* Resources */ = {
			isa = PBXResourcesBuildPhase;
			buildActionMask = 2147483647;
			files = (
				0179E5A8185B54F400AC2C88 /* InfoPlist.strings in Resources */,
				0179E5B0185B54F400AC2C88 /* Default.png in Resources */,
				0179E5B2185B54F400AC2C88 /* Default@2x.png in Resources */,
				0179E5B4185B54F400AC2C88 /* Default-568h@2x.png in Resources */,
				0179E5B7185B54F400AC2C88 /* MainStoryboard.storyboard in Resources */,
			);
			runOnlyForDeploymentPostprocessing = 0;
		};
/* End PBXResourcesBuildPhase section */

/* Begin PBXSourcesBuildPhase section */
		0179E596185B54F400AC2C88 /* Sources */ = {
			isa = PBXSourcesBuildPhase;
			buildActionMask = 2147483647;
			files = (
				0179E5AA185B54F400AC2C88 /* main.m in Sources */,
				0179E5AE185B54F400AC2C88 /* AppDelegate.m in Sources */,
				0179E5BA185B54F400AC2C88 /* ViewController.m in Sources */,
			);
			runOnlyForDeploymentPostprocessing = 0;
		};
/* End PBXSourcesBuildPhase section */

/* Begin PBXVariantGroup section */
		0179E5A6185B54F400AC2C88 /* InfoPlist.strings */ = {
			isa = PBXVariantGroup;
			children = (
				0179E5A7185B54F400AC2C88 /* en */,
			);
			name = InfoPlist.strings;
			sourceTree = "<group>";
		};
		0179E5B5185B54F400AC2C88 /* MainStoryboard.storyboard */ = {
			isa = PBXVariantGroup;
			children = (
				0179E5B6185B54F400AC2C88 /* en */,
			);
			name = MainStoryboard.storyboard;
			sourceTree = "<group>";
		};
/* End PBXVariantGroup section */

/* Begin XCBuildConfiguration section */
		0179E5BB185B54F400AC2C88 /* Debug */ = {
			isa = XCBuildConfiguration;
			buildSettings = {
				ALWAYS_SEARCH_USER_PATHS = NO;
				CLANG_CXX_LANGUAGE_STANDARD = "gnu++0x";
				CLANG_CXX_LIBRARY = "libc++";
				CLANG_ENABLE_OBJC_ARC = YES;
				CLANG_WARN_CONSTANT_CONVERSION = YES;
				CLANG_WARN_EMPTY_BODY = YES;
				CLANG_WARN_ENUM_CONVERSION = YES;
				CLANG_WARN_INT_CONVERSION = YES;
				CLANG_WARN__DUPLICATE_METHOD_MATCH = YES;
				"CODE_SIGN_IDENTITY[sdk=iphoneos*]" = "iPhone Developer";
				COPY_PHASE_STRIP = NO;
				GCC_C_LANGUAGE_STANDARD = gnu99;
				GCC_DYNAMIC_NO_PIC = NO;
				GCC_OPTIMIZATION_LEVEL = 0;
				GCC_PREPROCESSOR_DEFINITIONS = (
					"DEBUG=1",
					"$(inherited)",
				);
				GCC_SYMBOLS_PRIVATE_EXTERN = NO;
				GCC_WARN_ABOUT_RETURN_TYPE = YES;
				GCC_WARN_UNINITIALIZED_AUTOS = YES;
				GCC_WARN_UNUSED_VARIABLE = YES;
				IPHONEOS_DEPLOYMENT_TARGET = 6.1;
				ONLY_ACTIVE_ARCH = YES;
				SDKROOT = iphoneos;
			};
			name = Debug;
		};
		0179E5BC185B54F400AC2C88 /* Release */ = {
			isa = XCBuildConfiguration;
			buildSettings = {
				ALWAYS_SEARCH_USER_PATHS = NO;
				CLANG_CXX_LANGUAGE_STANDARD = "gnu++0x";
				CLANG_CXX_LIBRARY = "libc++";
				CLANG_ENABLE_OBJC_ARC = YES;
				CLANG_WARN_CONSTANT_CONVERSION = YES;
				CLANG_WARN_EMPTY_BODY = YES;
				CLANG_WARN_ENUM_CONVERSION = YES;
				CLANG_WARN_INT_CONVERSION = YES;
				CLANG_WARN__DUPLICATE_METHOD_MATCH = YES;
				"CODE_SIGN_IDENTITY[sdk=iphoneos*]" = "iPhone Developer";
				COPY_PHASE_STRIP = YES;
				GCC_C_LANGUAGE_STANDARD = gnu99;
				GCC_WARN_ABOUT_RETURN_TYPE = YES;
				GCC_WARN_UNINITIALIZED_AUTOS = YES;
				GCC_WARN_UNUSED_VARIABLE = YES;
				IPHONEOS_DEPLOYMENT_TARGET = 6.1;
				OTHER_CFLAGS = "-DNS_BLOCK_ASSERTIONS=1";
				SDKROOT = iphoneos;
				VALIDATE_PRODUCT = YES;
			};
			name = Release;
		};
		0179E5BE185B54F400AC2C88 /* Debug */ = {
			isa = XCBuildConfiguration;
			buildSettings = {
				GCC_PRECOMPILE_PREFIX_HEADER = YES;
				GCC_PREFIX_HEADER = "FirstWebData/FirstWebData-Prefix.pch";
				INFOPLIST_FILE = "FirstWebData/FirstWebData-Info.plist";
				PRODUCT_NAME = "$(TARGET_NAME)";
				WRAPPER_EXTENSION = app;
			};
			name = Debug;
		};
		0179E5BF185B54F400AC2C88 /* Release */ = {
			isa = XCBuildConfiguration;
			buildSettings = {
				GCC_PRECOMPILE_PREFIX_HEADER = YES;
				GCC_PREFIX_HEADER = "FirstWebData/FirstWebData-Prefix.pch";
				INFOPLIST_FILE = "FirstWebData/FirstWebData-Info.plist";
				PRODUCT_NAME = "$(TARGET_NAME)";
				WRAPPER_EXTENSION = app;
			};
			name = Release;
		};
/* End XCBuildConfiguration section */

/* Begin XCConfigurationList section */
		0179E595185B54F400AC2C88 /* Build configuration list for PBXProject "FirstWebData" */ = {
			isa = XCConfigurationList;
			buildConfigurations = (
				0179E5BB185B54F400AC2C88 /* Debug */,
				0179E5BC185B54F400AC2C88 /* Release */,
			);
			defaultConfigurationIsVisible = 0;
			defaultConfigurationName = Release;
		};
		0179E5BD185B54F400AC2C88 /* Build configuration list for PBXNativeTarget "FirstWebData" */ = {
			isa = XCConfigurationList;
			buildConfigurations = (
				0179E5BE185B54F400AC2C88 /* Debug */,
				0179E5BF185B54F400AC2C88 /* Release */,
			);
			defaultConfigurationIsVisible = 0;
		};
/* End XCConfigurationList section */
	};
	rootObject = 0179E592185B54F400AC2C88 /* Project object */;
}
