// !$*UTF8*$!
{
	archiveVersion = 1;
	classes = {
	};
	objectVersion = 46;
	objects = {

/* Begin PBXBuildFile section */
		0179E59E185B54F400AC2C88 /* UIKit.framework in Frameworks */ = {isa = PBXBuildFile; fileRef = 0179E59D185B54F400AC2C88 /* UIKit.framework */; };
		0179E5A0185B54F400AC2C88 /* Foundation.framework in Frameworks */ = {isa = PBXBuildFile; fileRef = 0179E59F185B54F400AC2C88 /* Foundation.framework */; };
		0179E5A2185B54F400AC2C88 /* CoreGraphics.framework in Frameworks */ = {isa = PBXBuildFile; fileRef = 0179E5A1185B54F400AC2C88 /* CoreGraphics.framework */; };
		0179E5A8185B54F400AC2C88 /* InfoPlist.strings in Resources */ = {isa = PBXBuildFile; fileRef = 0179E5A6185B54F400AC2C88 /* InfoPlist.strings */; };
		0179E5AA185B54F400AC2C88 /* main.m in Sources */ = {isa = PBXBuildFile; fileRef = 0179E5A9185B54F400AC2C88 /* main.m */; };
		0179E5AE185B54F400AC2C88 /* AppDelegate.m in Sources */ = {isa = PBXBuildFile; fileRef = 0179E5AD185B54F400AC2C88 /* AppDelegate.m */; };
		0179E5B0185B54F400AC2C88 /* Default.png in Resources */ = {isa = PBXBuildFile; fileRef = 0179E5AF185B54F400AC2C88 /* Default.png */; };
		0179E5B2185B54F400AC2C88 /* Default@2x.png in Resources */ = {isa = PBXBuildFile; fileRef = 0179E5B1185B54F400AC2C88 /* Default@2x.png */; };
		0179E5B4185B54F400AC2C88 /* Default-568h@2x.png in Resources */ = {isa = PBXBuildFile; fileRef = 0179E5B3185B54F400AC2C88 /* Default-568h@2x.png */; };
		0179E5B7185B54F400AC2C88 /* MainStoryboard.storyboard in Resources */ = {isa = PBXBuildFile; fileRef = 0179E5B5185B54F400AC2C88 /* MainStoryboard.storyboard */; };
		0179E5BA185B54F400AC2C88 /* ViewController.m in Sources */ = {isa = PBXBuildFile; fileRef = 0179E5B9185B54F400AC2C88 /* ViewController.m */; settings = {COMPILER_FLAGS = "-fno-objc-arc"; }; };
		0179E5E9185B59DF00AC2C88 /* CFNetwork.framework in Frameworks */ = {isa = PBXBuildFile; fileRef = 0179E5E8185B59DF00AC2C88 /* CFNetwork.framework */; };
		0179E5EB185B59F000AC2C88 /* SystemConfiguration.framework in Frameworks */ = {isa = PBXBuildFile; fileRef = 0179E5EA185B59F000AC2C88 /* SystemConfiguration.framework */; };
		0179E5ED185B59FC00AC2C88 /* MobileCoreServices.framework in Frameworks */ = {isa = PBXBuildFile; fileRef = 0179E5EC185B59FC00AC2C88 /* MobileCoreServices.framework */; };
		0179E5EF185B5A1300AC2C88 /* libz.1.2.5.dylib in Frameworks */ = {isa = PBXBuildFile; fileRef = 0179E5EE185B5A1300AC2C88 /* libz.1.2.5.dylib */; };
		0179E647185BA07C00AC2C88 /* Reachability.m in Sources */ = {isa = PBXBuildFile; fileRef = 0179E646185B9FF800AC2C88 /* Reachability.m */; settings = {COMPILER_FLAGS = "-fno-objc-arc"; }; };
		0179E648185BA07C00AC2C88 /* ASIAuthenticationDialog.m in Sources */ = {isa = PBXBuildFile; fileRef = 0179E5D2185B592600AC2C88 /* ASIAuthenticationDialog.m */; settings = {COMPILER_FLAGS = "-fno-objc-arc"; }; };
		0179E649185BA07C00AC2C88 /* ASIDataCompressor.m in Sources */ = {isa = PBXBuildFile; fileRef = 0179E5D5185B592600AC2C88 /* ASIDataCompressor.m */; settings = {COMPILER_FLAGS = "-fno-objc-arc"; }; };
		0179E64A185BA07C00AC2C88 /* ASIDataDecompressor.m in Sources */ = {isa = PBXBuildFile; fileRef = 0179E5D7185B592600AC2C88 /* ASIDataDecompressor.m */; settings = {COMPILER_FLAGS = "-fno-objc-arc"; }; };
		0179E64B185BA07C00AC2C88 /* ASIDownloadCache.m in Sources */ = {isa = PBXBuildFile; fileRef = 0179E5D9185B592600AC2C88 /* ASIDownloadCache.m */; settings = {COMPILER_FLAGS = "-fno-objc-arc"; }; };
		0179E64C185BA07C00AC2C88 /* ASIFormDataRequest.m in Sources */ = {isa = PBXBuildFile; fileRef = 0179E5DB185B592600AC2C88 /* ASIFormDataRequest.m */; settings = {COMPILER_FLAGS = "-fno-objc-arc"; }; };
		0179E64D185BA07C00AC2C88 /* ASIHTTPRequest.m in Sources */ = {isa = PBXBuildFile; fileRef = 0179E5DD185B592600AC2C88 /* ASIHTTPRequest.m */; settings = {COMPILER_FLAGS = "-fno-objc-arc"; }; };
		0179E64E185BA07C00AC2C88 /* ASIInputStream.m in Sources */ = {isa = PBXBuildFile; fileRef = 0179E5E1185B592600AC2C88 /* ASIInputStream.m */; settings = {COMPILER_FLAGS = "-fno-objc-arc"; }; };
		0179E64F185BA07C00AC2C88 /* ASINetworkQueue.m in Sources */ = {isa = PBXBuildFile; fileRef = 0179E5E3185B592600AC2C88 /* ASINetworkQueue.m */; settings = {COMPILER_FLAGS = "-fno-objc-arc"; }; };
		0179E650185BAA4C00AC2C88 /* SBJsonParser.m in Sources */ = {isa = PBXBuildFile; fileRef = 0179E61C185B993500AC2C88 /* SBJsonParser.m */; settings = {COMPILER_FLAGS = "-fno-objc-arc"; }; };
		0179E651185BAA5100AC2C88 /* SBJsonWriter.m in Sources */ = {isa = PBXBuildFile; fileRef = 0179E630185B993500AC2C88 /* SBJsonWriter.m */; settings = {COMPILER_FLAGS = "-fno-objc-arc"; }; };
		0179E652185BAA7700AC2C88 /* SBJsonStreamParser.m in Sources */ = {isa = PBXBuildFile; fileRef = 0179E61E185B993500AC2C88 /* SBJsonStreamParser.m */; settings = {COMPILER_FLAGS = "-fno-objc-arc"; }; };
		0179E653185BAA7B00AC2C88 /* SBJsonStreamWriter.m in Sources */ = {isa = PBXBuildFile; fileRef = 0179E626185B993500AC2C88 /* SBJsonStreamWriter.m */; settings = {COMPILER_FLAGS = "-fno-objc-arc"; }; };
		0179E654185BAA7D00AC2C88 /* SBJsonStreamParserState.m in Sources */ = {isa = PBXBuildFile; fileRef = 0179E624185B993500AC2C88 /* SBJsonStreamParserState.m */; settings = {COMPILER_FLAGS = "-fno-objc-arc"; }; };
		0179E655185BAA8000AC2C88 /* SBJsonStreamParserAdapter.m in Sources */ = {isa = PBXBuildFile; fileRef = 0179E622185B993500AC2C88 /* SBJsonStreamParserAdapter.m */; settings = {COMPILER_FLAGS = "-fno-objc-arc"; }; };
		0179E656185BAA8300AC2C88 /* SBJsonStreamParserAccumulator.m in Sources */ = {isa = PBXBuildFile; fileRef = 0179E620185B993500AC2C88 /* SBJsonStreamParserAccumulator.m */; settings = {COMPILER_FLAGS = "-fno-objc-arc"; }; };
		0179E657185BAA8900AC2C88 /* SBJsonStreamWriterState.m in Sources */ = {isa = PBXBuildFile; fileRef = 0179E62A185B993500AC2C88 /* SBJsonStreamWriterState.m */; settings = {COMPILER_FLAGS = "-fno-objc-arc"; }; };
		0179E658185BAA8C00AC2C88 /* SBJsonStreamWriterAccumulator.m in Sources */ = {isa = PBXBuildFile; fileRef = 0179E628185B993500AC2C88 /* SBJsonStreamWriterAccumulator.m */; settings = {COMPILER_FLAGS = "-fno-objc-arc"; }; };
		0179E659185BAA8F00AC2C88 /* SBJsonUTF8Stream.m in Sources */ = {isa = PBXBuildFile; fileRef = 0179E62E185B993500AC2C88 /* SBJsonUTF8Stream.m */; settings = {COMPILER_FLAGS = "-fno-objc-arc"; }; };
		0179E65A185BAA9200AC2C88 /* SBJsonTokeniser.m in Sources */ = {isa = PBXBuildFile; fileRef = 0179E62C185B993500AC2C88 /* SBJsonTokeniser.m */; settings = {COMPILER_FLAGS = "-fno-objc-arc"; }; };
		0179E686185CE7B500AC2C88 /* Security.framework in Frameworks */ = {isa = PBXBuildFile; fileRef = 0179E685185CE7B500AC2C88 /* Security.framework */; };
		0179E688185CE7C700AC2C88 /* libxml2.dylib in Frameworks */ = {isa = PBXBuildFile; fileRef = 0179E687185CE7C700AC2C88 /* libxml2.dylib */; };
		01BDB0F418602E4F00609755 /* UPGrabData.m in Sources */ = {isa = PBXBuildFile; fileRef = 01BDB0F318602E4F00609755 /* UPGrabData.m */; };
		01BDB0F71862D48900609755 /* UPParseUrlData.m in Sources */ = {isa = PBXBuildFile; fileRef = 01BDB0F61862D48900609755 /* UPParseUrlData.m */; };
		01BDB1001867602D00609755 /* TableViewController.m in Sources */ = {isa = PBXBuildFile; fileRef = 01BDB0FF1867602D00609755 /* TableViewController.m */; };
/* End PBXBuildFile section */

/* Begin PBXFileReference section */
		0179E59A185B54F400AC2C88 /* FirstWebData.app */ = {isa = PBXFileReference; explicitFileType = wrapper.application; includeInIndex = 0; path = FirstWebData.app; sourceTree = BUILT_PRODUCTS_DIR; };
		0179E59D185B54F400AC2C88 /* UIKit.framework */ = {isa = PBXFileReference; lastKnownFileType = wrapper.framework; name = UIKit.framework; path = System/Library/Frameworks/UIKit.framework; sourceTree = SDKROOT; };
		0179E59F185B54F400AC2C88 /* Foundation.framework */ = {isa = PBXFileReference; lastKnownFileType = wrapper.framework; name = Foundation.framework; path = System/Library/Frameworks/Foundation.framework; sourceTree = SDKROOT; };
		0179E5A1185B54F400AC2C88 /* CoreGraphics.framework */ = {isa = PBXFileReference; lastKnownFileType = wrapper.framework; name = CoreGraphics.framework; path = System/Library/Frameworks/CoreGraphics.framework; sourceTree = SDKROOT; };
		0179E5A5185B54F400AC2C88 /* FirstWebData-Info.plist */ = {isa = PBXFileReference; lastKnownFileType = text.plist.xml; path = "FirstWebData-Info.plist"; sourceTree = "<group>"; };
		0179E5A7185B54F400AC2C88 /* en */ = {isa = PBXFileReference; lastKnownFileType = text.plist.strings; name = en; path = en.lproj/InfoPlist.strings; sourceTree = "<group>"; };
		0179E5A9185B54F400AC2C88 /* main.m */ = {isa = PBXFileReference; lastKnownFileType = sourcecode.c.objc; path = main.m; sourceTree = "<group>"; };
		0179E5AB185B54F400AC2C88 /* FirstWebData-Prefix.pch */ = {isa = PBXFileReference; lastKnownFileType = sourcecode.c.h; path = "FirstWebData-Prefix.pch"; sourceTree = "<group>"; };
		0179E5AC185B54F400AC2C88 /* AppDelegate.h */ = {isa = PBXFileReference; lastKnownFileType = sourcecode.c.h; path = AppDelegate.h; sourceTree = "<group>"; };
		0179E5AD185B54F400AC2C88 /* AppDelegate.m */ = {isa = PBXFileReference; lastKnownFileType = sourcecode.c.objc; path = AppDelegate.m; sourceTree = "<group>"; };
		0179E5AF185B54F400AC2C88 /* Default.png */ = {isa = PBXFileReference; lastKnownFileType = image.png; path = Default.png; sourceTree = "<group>"; };
		0179E5B1185B54F400AC2C88 /* Default@2x.png */ = {isa = PBXFileReference; lastKnownFileType = image.png; path = "Default@2x.png"; sourceTree = "<group>"; };
		0179E5B3185B54F400AC2C88 /* Default-568h@2x.png */ = {isa = PBXFileReference; lastKnownFileType = image.png; path = "Default-568h@2x.png"; sourceTree = "<group>"; };
		0179E5B6185B54F400AC2C88 /* en */ = {isa = PBXFileReference; lastKnownFileType = file.storyboard; name = en; path = en.lproj/MainStoryboard.storyboard; sourceTree = "<group>"; };
		0179E5B8185B54F400AC2C88 /* ViewController.h */ = {isa = PBXFileReference; lastKnownFileType = sourcecode.c.h; path = ViewController.h; sourceTree = "<group>"; };
		0179E5B9185B54F400AC2C88 /* ViewController.m */ = {isa = PBXFileReference; lastKnownFileType = sourcecode.c.objc; path = ViewController.m; sourceTree = "<group>"; };
		0179E5D1185B592600AC2C88 /* ASIAuthenticationDialog.h */ = {isa = PBXFileReference; lastKnownFileType = sourcecode.c.h; path = ASIAuthenticationDialog.h; sourceTree = "<group>"; };
		0179E5D2185B592600AC2C88 /* ASIAuthenticationDialog.m */ = {isa = PBXFileReference; lastKnownFileType = sourcecode.c.objc; path = ASIAuthenticationDialog.m; sourceTree = "<group>"; };
		0179E5D3185B592600AC2C88 /* ASICacheDelegate.h */ = {isa = PBXFileReference; lastKnownFileType = sourcecode.c.h; path = ASICacheDelegate.h; sourceTree = "<group>"; };
		0179E5D4185B592600AC2C88 /* ASIDataCompressor.h */ = {isa = PBXFileReference; lastKnownFileType = sourcecode.c.h; path = ASIDataCompressor.h; sourceTree = "<group>"; };
		0179E5D5185B592600AC2C88 /* ASIDataCompressor.m */ = {isa = PBXFileReference; lastKnownFileType = sourcecode.c.objc; path = ASIDataCompressor.m; sourceTree = "<group>"; };
		0179E5D6185B592600AC2C88 /* ASIDataDecompressor.h */ = {isa = PBXFileReference; lastKnownFileType = sourcecode.c.h; path = ASIDataDecompressor.h; sourceTree = "<group>"; };
		0179E5D7185B592600AC2C88 /* ASIDataDecompressor.m */ = {isa = PBXFileReference; lastKnownFileType = sourcecode.c.objc; path = ASIDataDecompressor.m; sourceTree = "<group>"; };
		0179E5D8185B592600AC2C88 /* ASIDownloadCache.h */ = {isa = PBXFileReference; lastKnownFileType = sourcecode.c.h; path = ASIDownloadCache.h; sourceTree = "<group>"; };
		0179E5D9185B592600AC2C88 /* ASIDownloadCache.m */ = {isa = PBXFileReference; lastKnownFileType = sourcecode.c.objc; path = ASIDownloadCache.m; sourceTree = "<group>"; };
		0179E5DA185B592600AC2C88 /* ASIFormDataRequest.h */ = {isa = PBXFileReference; lastKnownFileType = sourcecode.c.h; path = ASIFormDataRequest.h; sourceTree = "<group>"; };
		0179E5DB185B592600AC2C88 /* ASIFormDataRequest.m */ = {isa = PBXFileReference; lastKnownFileType = sourcecode.c.objc; path = ASIFormDataRequest.m; sourceTree = "<group>"; };
		0179E5DC185B592600AC2C88 /* ASIHTTPRequest.h */ = {isa = PBXFileReference; lastKnownFileType = sourcecode.c.h; path = ASIHTTPRequest.h; sourceTree = "<group>"; };
		0179E5DD185B592600AC2C88 /* ASIHTTPRequest.m */ = {isa = PBXFileReference; lastKnownFileType = sourcecode.c.objc; path = ASIHTTPRequest.m; sourceTree = "<group>"; };
		0179E5DE185B592600AC2C88 /* ASIHTTPRequestConfig.h */ = {isa = PBXFileReference; lastKnownFileType = sourcecode.c.h; path = ASIHTTPRequestConfig.h; sourceTree = "<group>"; };
		0179E5DF185B592600AC2C88 /* ASIHTTPRequestDelegate.h */ = {isa = PBXFileReference; lastKnownFileType = sourcecode.c.h; path = ASIHTTPRequestDelegate.h; sourceTree = "<group>"; };
		0179E5E0185B592600AC2C88 /* ASIInputStream.h */ = {isa = PBXFileReference; lastKnownFileType = sourcecode.c.h; path = ASIInputStream.h; sourceTree = "<group>"; };
		0179E5E1185B592600AC2C88 /* ASIInputStream.m */ = {isa = PBXFileReference; lastKnownFileType = sourcecode.c.objc; path = ASIInputStream.m; sourceTree = "<group>"; };
		0179E5E2185B592600AC2C88 /* ASINetworkQueue.h */ = {isa = PBXFileReference; lastKnownFileType = sourcecode.c.h; path = ASINetworkQueue.h; sourceTree = "<group>"; };
		0179E5E3185B592600AC2C88 /* ASINetworkQueue.m */ = {isa = PBXFileReference; lastKnownFileType = sourcecode.c.objc; path = ASINetworkQueue.m; sourceTree = "<group>"; };
		0179E5E4185B592600AC2C88 /* ASIProgressDelegate.h */ = {isa = PBXFileReference; lastKnownFileType = sourcecode.c.h; path = ASIProgressDelegate.h; sourceTree = "<group>"; };
		0179E5E6185B59A600AC2C88 /* MBProgressHUD.h */ = {isa = PBXFileReference; lastKnownFileType = sourcecode.c.h; path = MBProgressHUD.h; sourceTree = "<group>"; };
		0179E5E7185B59A600AC2C88 /* MBProgressHUD.m */ = {isa = PBXFileReference; lastKnownFileType = sourcecode.c.objc; path = MBProgressHUD.m; sourceTree = "<group>"; };
		0179E5E8185B59DF00AC2C88 /* CFNetwork.framework */ = {isa = PBXFileReference; lastKnownFileType = wrapper.framework; name = CFNetwork.framework; path = System/Library/Frameworks/CFNetwork.framework; sourceTree = SDKROOT; };
		0179E5EA185B59F000AC2C88 /* SystemConfiguration.framework */ = {isa = PBXFileReference; lastKnownFileType = wrapper.framework; name = SystemConfiguration.framework; path = System/Library/Frameworks/SystemConfiguration.framework; sourceTree = SDKROOT; };
		0179E5EC185B59FC00AC2C88 /* MobileCoreServices.framework */ = {isa = PBXFileReference; lastKnownFileType = wrapper.framework; name = MobileCoreServices.framework; path = System/Library/Frameworks/MobileCoreServices.framework; sourceTree = SDKROOT; };
		0179E5EE185B5A1300AC2C88 /* libz.1.2.5.dylib */ = {isa = PBXFileReference; lastKnownFileType = "compiled.mach-o.dylib"; name = libz.1.2.5.dylib; path = usr/lib/libz.1.2.5.dylib; sourceTree = SDKROOT; };
		0179E618185B993500AC2C88 /* NSObject+SBJson.h */ = {isa = PBXFileReference; lastKnownFileType = sourcecode.c.h; path = "NSObject+SBJson.h"; sourceTree = "<group>"; };
		0179E619185B993500AC2C88 /* NSObject+SBJson.m */ = {isa = PBXFileReference; lastKnownFileType = sourcecode.c.objc; path = "NSObject+SBJson.m"; sourceTree = "<group>"; };
		0179E61A185B993500AC2C88 /* SBJson.h */ = {isa = PBXFileReference; lastKnownFileType = sourcecode.c.h; path = SBJson.h; sourceTree = "<group>"; };
		0179E61B185B993500AC2C88 /* SBJsonParser.h */ = {isa = PBXFileReference; lastKnownFileType = sourcecode.c.h; path = SBJsonParser.h; sourceTree = "<group>"; };
		0179E61C185B993500AC2C88 /* SBJsonParser.m */ = {isa = PBXFileReference; lastKnownFileType = sourcecode.c.objc; path = SBJsonParser.m; sourceTree = "<group>"; };
		0179E61D185B993500AC2C88 /* SBJsonStreamParser.h */ = {isa = PBXFileReference; lastKnownFileType = sourcecode.c.h; path = SBJsonStreamParser.h; sourceTree = "<group>"; };
		0179E61E185B993500AC2C88 /* SBJsonStreamParser.m */ = {isa = PBXFileReference; lastKnownFileType = sourcecode.c.objc; path = SBJsonStreamParser.m; sourceTree = "<group>"; };
		0179E61F185B993500AC2C88 /* SBJsonStreamParserAccumulator.h */ = {isa = PBXFileReference; lastKnownFileType = sourcecode.c.h; path = SBJsonStreamParserAccumulator.h; sourceTree = "<group>"; };
		0179E620185B993500AC2C88 /* SBJsonStreamParserAccumulator.m */ = {isa = PBXFileReference; lastKnownFileType = sourcecode.c.objc; path = SBJsonStreamParserAccumulator.m; sourceTree = "<group>"; };
		0179E621185B993500AC2C88 /* SBJsonStreamParserAdapter.h */ = {isa = PBXFileReference; lastKnownFileType = sourcecode.c.h; path = SBJsonStreamParserAdapter.h; sourceTree = "<group>"; };
		0179E622185B993500AC2C88 /* SBJsonStreamParserAdapter.m */ = {isa = PBXFileReference; lastKnownFileType = sourcecode.c.objc; path = SBJsonStreamParserAdapter.m; sourceTree = "<group>"; };
		0179E623185B993500AC2C88 /* SBJsonStreamParserState.h */ = {isa = PBXFileReference; lastKnownFileType = sourcecode.c.h; path = SBJsonStreamParserState.h; sourceTree = "<group>"; };
		0179E624185B993500AC2C88 /* SBJsonStreamParserState.m */ = {isa = PBXFileReference; lastKnownFileType = sourcecode.c.objc; path = SBJsonStreamParserState.m; sourceTree = "<group>"; };
		0179E625185B993500AC2C88 /* SBJsonStreamWriter.h */ = {isa = PBXFileReference; lastKnownFileType = sourcecode.c.h; path = SBJsonStreamWriter.h; sourceTree = "<group>"; };
		0179E626185B993500AC2C88 /* SBJsonStreamWriter.m */ = {isa = PBXFileReference; lastKnownFileType = sourcecode.c.objc; path = SBJsonStreamWriter.m; sourceTree = "<group>"; };
		0179E627185B993500AC2C88 /* SBJsonStreamWriterAccumulator.h */ = {isa = PBXFileReference; lastKnownFileType = sourcecode.c.h; path = SBJsonStreamWriterAccumulator.h; sourceTree = "<group>"; };
		0179E628185B993500AC2C88 /* SBJsonStreamWriterAccumulator.m */ = {isa = PBXFileReference; lastKnownFileType = sourcecode.c.objc; path = SBJsonStreamWriterAccumulator.m; sourceTree = "<group>"; };
		0179E629185B993500AC2C88 /* SBJsonStreamWriterState.h */ = {isa = PBXFileReference; lastKnownFileType = sourcecode.c.h; path = SBJsonStreamWriterState.h; sourceTree = "<group>"; };
		0179E62A185B993500AC2C88 /* SBJsonStreamWriterState.m */ = {isa = PBXFileReference; lastKnownFileType = sourcecode.c.objc; path = SBJsonStreamWriterState.m; sourceTree = "<group>"; };
		0179E62B185B993500AC2C88 /* SBJsonTokeniser.h */ = {isa = PBXFileReference; lastKnownFileType = sourcecode.c.h; path = SBJsonTokeniser.h; sourceTree = "<group>"; };
		0179E62C185B993500AC2C88 /* SBJsonTokeniser.m */ = {isa = PBXFileReference; lastKnownFileType = sourcecode.c.objc; path = SBJsonTokeniser.m; sourceTree = "<group>"; };
		0179E62D185B993500AC2C88 /* SBJsonUTF8Stream.h */ = {isa = PBXFileReference; lastKnownFileType = sourcecode.c.h; path = SBJsonUTF8Stream.h; sourceTree = "<group>"; };
		0179E62E185B993500AC2C88 /* SBJsonUTF8Stream.m */ = {isa = PBXFileReference; lastKnownFileType = sourcecode.c.objc; path = SBJsonUTF8Stream.m; sourceTree = "<group>"; };
		0179E62F185B993500AC2C88 /* SBJsonWriter.h */ = {isa = PBXFileReference; lastKnownFileType = sourcecode.c.h; path = SBJsonWriter.h; sourceTree = "<group>"; };
		0179E630185B993500AC2C88 /* SBJsonWriter.m */ = {isa = PBXFileReference; lastKnownFileType = sourcecode.c.objc; path = SBJsonWriter.m; sourceTree = "<group>"; };
		0179E645185B9FF800AC2C88 /* Reachability.h */ = {isa = PBXFileReference; lastKnownFileType = sourcecode.c.h; path = Reachability.h; sourceTree = "<group>"; };
		0179E646185B9FF800AC2C88 /* Reachability.m */ = {isa = PBXFileReference; lastKnownFileType = sourcecode.c.objc; path = Reachability.m; sourceTree = "<group>"; };
		0179E65D185CE78D00AC2C88 /* NSMutableURLRequest+Parameters.h */ = {isa = PBXFileReference; lastKnownFileType = sourcecode.c.h; path = "NSMutableURLRequest+Parameters.h"; sourceTree = "<group>"; };
		0179E65E185CE78D00AC2C88 /* NSMutableURLRequest+Parameters.m */ = {isa = PBXFileReference; lastKnownFileType = sourcecode.c.objc; path = "NSMutableURLRequest+Parameters.m"; sourceTree = "<group>"; };
		0179E65F185CE78D00AC2C88 /* NSString+URLEncoding.h */ = {isa = PBXFileReference; lastKnownFileType = sourcecode.c.h; path = "NSString+URLEncoding.h"; sourceTree = "<group>"; };
		0179E660185CE78D00AC2C88 /* NSString+URLEncoding.m */ = {isa = PBXFileReference; lastKnownFileType = sourcecode.c.objc; path = "NSString+URLEncoding.m"; sourceTree = "<group>"; };
		0179E661185CE78D00AC2C88 /* NSURL+Base.h */ = {isa = PBXFileReference; lastKnownFileType = sourcecode.c.h; path = "NSURL+Base.h"; sourceTree = "<group>"; };
		0179E662185CE78D00AC2C88 /* NSURL+Base.m */ = {isa = PBXFileReference; lastKnownFileType = sourcecode.c.objc; path = "NSURL+Base.m"; sourceTree = "<group>"; };
		0179E664185CE78D00AC2C88 /* Base64Transcoder.c */ = {isa = PBXFileReference; lastKnownFileType = sourcecode.c.c; path = Base64Transcoder.c; sourceTree = "<group>"; };
		0179E665185CE78D00AC2C88 /* Base64Transcoder.h */ = {isa = PBXFileReference; lastKnownFileType = sourcecode.c.h; path = Base64Transcoder.h; sourceTree = "<group>"; };
		0179E666185CE78D00AC2C88 /* hmac.c */ = {isa = PBXFileReference; lastKnownFileType = sourcecode.c.c; path = hmac.c; sourceTree = "<group>"; };
		0179E667185CE78D00AC2C88 /* hmac.h */ = {isa = PBXFileReference; lastKnownFileType = sourcecode.c.h; path = hmac.h; sourceTree = "<group>"; };
		0179E668185CE78D00AC2C88 /* sha1.c */ = {isa = PBXFileReference; lastKnownFileType = sourcecode.c.c; path = sha1.c; sourceTree = "<group>"; };
		0179E669185CE78D00AC2C88 /* sha1.h */ = {isa = PBXFileReference; lastKnownFileType = sourcecode.c.h; path = sha1.h; sourceTree = "<group>"; };
		0179E66A185CE78D00AC2C88 /* OAAttachment.h */ = {isa = PBXFileReference; lastKnownFileType = sourcecode.c.h; path = OAAttachment.h; sourceTree = "<group>"; };
		0179E66B185CE78D00AC2C88 /* OAAttachment.m */ = {isa = PBXFileReference; lastKnownFileType = sourcecode.c.objc; path = OAAttachment.m; sourceTree = "<group>"; };
		0179E66C185CE78D00AC2C88 /* OACall.h */ = {isa = PBXFileReference; lastKnownFileType = sourcecode.c.h; path = OACall.h; sourceTree = "<group>"; };
		0179E66D185CE78D00AC2C88 /* OACall.m */ = {isa = PBXFileReference; lastKnownFileType = sourcecode.c.objc; path = OACall.m; sourceTree = "<group>"; };
		0179E66E185CE78D00AC2C88 /* OAConsumer.h */ = {isa = PBXFileReference; lastKnownFileType = sourcecode.c.h; path = OAConsumer.h; sourceTree = "<group>"; };
		0179E66F185CE78D00AC2C88 /* OAConsumer.m */ = {isa = PBXFileReference; lastKnownFileType = sourcecode.c.objc; path = OAConsumer.m; sourceTree = "<group>"; };
		0179E670185CE78D00AC2C88 /* OADataFetcher.h */ = {isa = PBXFileReference; lastKnownFileType = sourcecode.c.h; path = OADataFetcher.h; sourceTree = "<group>"; };
		0179E671185CE78D00AC2C88 /* OADataFetcher.m */ = {isa = PBXFileReference; lastKnownFileType = sourcecode.c.objc; path = OADataFetcher.m; sourceTree = "<group>"; };
		0179E672185CE78D00AC2C88 /* OAHMAC_SHA1SignatureProvider.h */ = {isa = PBXFileReference; lastKnownFileType = sourcecode.c.h; path = OAHMAC_SHA1SignatureProvider.h; sourceTree = "<group>"; };
		0179E673185CE78D00AC2C88 /* OAHMAC_SHA1SignatureProvider.m */ = {isa = PBXFileReference; lastKnownFileType = sourcecode.c.objc; path = OAHMAC_SHA1SignatureProvider.m; sourceTree = "<group>"; };
		0179E674185CE78D00AC2C88 /* OAMutableURLRequest.h */ = {isa = PBXFileReference; lastKnownFileType = sourcecode.c.h; path = OAMutableURLRequest.h; sourceTree = "<group>"; };
		0179E675185CE78D00AC2C88 /* OAMutableURLRequest.m */ = {isa = PBXFileReference; lastKnownFileType = sourcecode.c.objc; path = OAMutableURLRequest.m; sourceTree = "<group>"; };
		0179E676185CE78D00AC2C88 /* OAPlaintextSignatureProvider.h */ = {isa = PBXFileReference; lastKnownFileType = sourcecode.c.h; path = OAPlaintextSignatureProvider.h; sourceTree = "<group>"; };
		0179E677185CE78D00AC2C88 /* OAPlaintextSignatureProvider.m */ = {isa = PBXFileReference; lastKnownFileType = sourcecode.c.objc; path = OAPlaintextSignatureProvider.m; sourceTree = "<group>"; };
		0179E678185CE78D00AC2C88 /* OAProblem.h */ = {isa = PBXFileReference; lastKnownFileType = sourcecode.c.h; path = OAProblem.h; sourceTree = "<group>"; };
		0179E679185CE78D00AC2C88 /* OAProblem.m */ = {isa = PBXFileReference; lastKnownFileType = sourcecode.c.objc; path = OAProblem.m; sourceTree = "<group>"; };
		0179E67A185CE78D00AC2C88 /* OARequestParameter.h */ = {isa = PBXFileReference; lastKnownFileType = sourcecode.c.h; path = OARequestParameter.h; sourceTree = "<group>"; };
		0179E67B185CE78D00AC2C88 /* OARequestParameter.m */ = {isa = PBXFileReference; lastKnownFileType = sourcecode.c.objc; path = OARequestParameter.m; sourceTree = "<group>"; };
		0179E67C185CE78D00AC2C88 /* OAServiceTicket.h */ = {isa = PBXFileReference; lastKnownFileType = sourcecode.c.h; path = OAServiceTicket.h; sourceTree = "<group>"; };
		0179E67D185CE78D00AC2C88 /* OAServiceTicket.m */ = {isa = PBXFileReference; lastKnownFileType = sourcecode.c.objc; path = OAServiceTicket.m; sourceTree = "<group>"; };
		0179E67E185CE78D00AC2C88 /* OASignatureProviding.h */ = {isa = PBXFileReference; lastKnownFileType = sourcecode.c.h; path = OASignatureProviding.h; sourceTree = "<group>"; };
		0179E67F185CE78D00AC2C88 /* OATestServer.rb */ = {isa = PBXFileReference; lastKnownFileType = text.script.ruby; path = OATestServer.rb; sourceTree = "<group>"; };
		0179E680185CE78D00AC2C88 /* OAToken.h */ = {isa = PBXFileReference; lastKnownFileType = sourcecode.c.h; path = OAToken.h; sourceTree = "<group>"; };
		0179E681185CE78D00AC2C88 /* OAToken.m */ = {isa = PBXFileReference; lastKnownFileType = sourcecode.c.objc; path = OAToken.m; sourceTree = "<group>"; };
		0179E682185CE78D00AC2C88 /* OATokenManager.h */ = {isa = PBXFileReference; lastKnownFileType = sourcecode.c.h; path = OATokenManager.h; sourceTree = "<group>"; };
		0179E683185CE78D00AC2C88 /* OATokenManager.m */ = {isa = PBXFileReference; lastKnownFileType = sourcecode.c.objc; path = OATokenManager.m; sourceTree = "<group>"; };
		0179E684185CE78D00AC2C88 /* OAuthConsumer.h */ = {isa = PBXFileReference; lastKnownFileType = sourcecode.c.h; path = OAuthConsumer.h; sourceTree = "<group>"; };
		0179E685185CE7B500AC2C88 /* Security.framework */ = {isa = PBXFileReference; lastKnownFileType = wrapper.framework; name = Security.framework; path = System/Library/Frameworks/Security.framework; sourceTree = SDKROOT; };
		0179E687185CE7C700AC2C88 /* libxml2.dylib */ = {isa = PBXFileReference; lastKnownFileType = "compiled.mach-o.dylib"; name = libxml2.dylib; path = usr/lib/libxml2.dylib; sourceTree = SDKROOT; };
		01BDB0F218602E4F00609755 /* UPGrabData.h */ = {isa = PBXFileReference; fileEncoding = 4; lastKnownFileType = sourcecode.c.h; path = UPGrabData.h; sourceTree = "<group>"; };
		01BDB0F318602E4F00609755 /* UPGrabData.m */ = {isa = PBXFileReference; fileEncoding = 4; lastKnownFileType = sourcecode.c.objc; path = UPGrabData.m; sourceTree = "<group>"; };
		01BDB0F51862D48900609755 /* UPParseUrlData.h */ = {isa = PBXFileReference; fileEncoding = 4; lastKnownFileType = sourcecode.c.h; path = UPParseUrlData.h; sourceTree = "<group>"; };
		01BDB0F61862D48900609755 /* UPParseUrlData.m */ = {isa = PBXFileReference; fileEncoding = 4; lastKnownFileType = sourcecode.c.objc; path = UPParseUrlData.m; sourceTree = "<group>"; };
		01BDB0FE1867602D00609755 /* TableViewController.h */ = {isa = PBXFileReference; fileEncoding = 4; lastKnownFileType = sourcecode.c.h; path = TableViewController.h; sourceTree = "<group>"; };
		01BDB0FF1867602D00609755 /* TableViewController.m */ = {isa = PBXFileReference; fileEncoding = 4; lastKnownFileType = sourcecode.c.objc; path = TableViewController.m; sourceTree = "<group>"; };
/* End PBXFileReference section */

/* Begin PBXFrameworksBuildPhase section */
		0179E597185B54F400AC2C88 /* Frameworks */ = {
			isa = PBXFrameworksBuildPhase;
			buildActionMask = 2147483647;
			files = (
				0179E688185CE7C700AC2C88 /* libxml2.dylib in Frameworks */,
				0179E686185CE7B500AC2C88 /* Security.framework in Frameworks */,
				0179E5EF185B5A1300AC2C88 /* libz.1.2.5.dylib in Frameworks */,
				0179E5ED185B59FC00AC2C88 /* MobileCoreServices.framework in Frameworks */,
				0179E5EB185B59F000AC2C88 /* SystemConfiguration.framework in Frameworks */,
				0179E5E9185B59DF00AC2C88 /* CFNetwork.framework in Frameworks */,
				0179E59E185B54F400AC2C88 /* UIKit.framework in Frameworks */,
				0179E5A0185B54F400AC2C88 /* Foundation.framework in Frameworks */,
				0179E5A2185B54F400AC2C88 /* CoreGraphics.framework in Frameworks */,
			);
			runOnlyForDeploymentPostprocessing = 0;
		};
/* End PBXFrameworksBuildPhase section */

/* Begin PBXGroup section */
		0179E591185B54F400AC2C88 = {
			isa = PBXGroup;
			children = (
				0179E687185CE7C700AC2C88 /* libxml2.dylib */,
				0179E685185CE7B500AC2C88 /* Security.framework */,
				0179E65B185CE77D00AC2C88 /* Oauth */,
				0179E617185B991900AC2C88 /* JSON */,
				0179E5EE185B5A1300AC2C88 /* libz.1.2.5.dylib */,
				0179E5EC185B59FC00AC2C88 /* MobileCoreServices.framework */,
				0179E5EA185B59F000AC2C88 /* SystemConfiguration.framework */,
				0179E5E8185B59DF00AC2C88 /* CFNetwork.framework */,
				0179E5E5185B597500AC2C88 /* MBProgressHUD */,
				0179E5D0185B58E900AC2C88 /* ASIHTTPRequest */,
				0179E5A3185B54F400AC2C88 /* FirstWebData */,
				0179E59C185B54F400AC2C88 /* Frameworks */,
				0179E59B185B54F400AC2C88 /* Products */,
			);
			sourceTree = "<group>";
		};
		0179E59B185B54F400AC2C88 /* Products */ = {
			isa = PBXGroup;
			children = (
				0179E59A185B54F400AC2C88 /* FirstWebData.app */,
			);
			name = Products;
			sourceTree = "<group>";
		};
		0179E59C185B54F400AC2C88 /* Frameworks */ = {
			isa = PBXGroup;
			children = (
				0179E59D185B54F400AC2C88 /* UIKit.framework */,
				0179E59F185B54F400AC2C88 /* Foundation.framework */,
				0179E5A1185B54F400AC2C88 /* CoreGraphics.framework */,
			);
			name = Frameworks;
			sourceTree = "<group>";
		};
		0179E5A3185B54F400AC2C88 /* FirstWebData */ = {
			isa = PBXGroup;
			children = (
				0179E5AC185B54F400AC2C88 /* AppDelegate.h */,
				0179E5AD185B54F400AC2C88 /* AppDelegate.m */,
				0179E5B5185B54F400AC2C88 /* MainStoryboard.storyboard */,
				0179E5B8185B54F400AC2C88 /* ViewController.h */,
				0179E5B9185B54F400AC2C88 /* ViewController.m */,
				0179E5A4185B54F400AC2C88 /* Supporting Files */,
				01BDB0F218602E4F00609755 /* UPGrabData.h */,
				01BDB0F318602E4F00609755 /* UPGrabData.m */,
				01BDB0F51862D48900609755 /* UPParseUrlData.h */,
				01BDB0F61862D48900609755 /* UPParseUrlData.m */,
				01BDB0FE1867602D00609755 /* TableViewController.h */,
				01BDB0FF1867602D00609755 /* TableViewController.m */,
			);
			path = FirstWebData;
			sourceTree = "<group>";
		};
		0179E5A4185B54F400AC2C88 /* Supporting Files */ = {
			isa = PBXGroup;
			children = (
				0179E5A5185B54F400AC2C88 /* FirstWebData-Info.plist */,
				0179E5A6185B54F400AC2C88 /* InfoPlist.strings */,
				0179E5A9185B54F400AC2C88 /* main.m */,
				0179E5AB185B54F400AC2C88 /* FirstWebData-Prefix.pch */,
				0179E5AF185B54F400AC2C88 /* Default.png */,
				0179E5B1185B54F400AC2C88 /* Default@2x.png */,
				0179E5B3185B54F400AC2C88 /* Default-568h@2x.png */,
			);
			name = "Supporting Files";
			sourceTree = "<group>";
		};
		0179E5D0185B58E900AC2C88 /* ASIHTTPRequest */ = {
			isa = PBXGroup;
			children = (
				0179E645185B9FF800AC2C88 /* Reachability.h */,
				0179E646185B9FF800AC2C88 /* Reachability.m */,
				0179E5D1185B592600AC2C88 /* ASIAuthenticationDialog.h */,
				0179E5D2185B592600AC2C88 /* ASIAuthenticationDialog.m */,
				0179E5D3185B592600AC2C88 /* ASICacheDelegate.h */,
				0179E5D4185B592600AC2C88 /* ASIDataCompressor.h */,
				0179E5D5185B592600AC2C88 /* ASIDataCompressor.m */,
				0179E5D6185B592600AC2C88 /* ASIDataDecompressor.h */,
				0179E5D7185B592600AC2C88 /* ASIDataDecompressor.m */,
				0179E5D8185B592600AC2C88 /* ASIDownloadCache.h */,
				0179E5D9185B592600AC2C88 /* ASIDownloadCache.m */,
				0179E5DA185B592600AC2C88 /* ASIFormDataRequest.h */,
				0179E5DB185B592600AC2C88 /* ASIFormDataRequest.m */,
				0179E5DC185B592600AC2C88 /* ASIHTTPRequest.h */,
				0179E5DD185B592600AC2C88 /* ASIHTTPRequest.m */,
				0179E5DE185B592600AC2C88 /* ASIHTTPRequestConfig.h */,
				0179E5DF185B592600AC2C88 /* ASIHTTPRequestDelegate.h */,
				0179E5E0185B592600AC2C88 /* ASIInputStream.h */,
				0179E5E1185B592600AC2C88 /* ASIInputStream.m */,
				0179E5E2185B592600AC2C88 /* ASINetworkQueue.h */,
				0179E5E3185B592600AC2C88 /* ASINetworkQueue.m */,
				0179E5E4185B592600AC2C88 /* ASIProgressDelegate.h */,
			);
			name = ASIHTTPRequest;
			sourceTree = "<group>";
		};
		0179E5E5185B597500AC2C88 /* MBProgressHUD */ = {
			isa = PBXGroup;
			children = (
				0179E5E6185B59A600AC2C88 /* MBProgressHUD.h */,
				0179E5E7185B59A600AC2C88 /* MBProgressHUD.m */,
			);
			name = MBProgressHUD;
			sourceTree = "<group>";
		};
		0179E617185B991900AC2C88 /* JSON */ = {
			isa = PBXGroup;
			children = (
				0179E618185B993500AC2C88 /* NSObject+SBJson.h */,
				0179E619185B993500AC2C88 /* NSObject+SBJson.m */,
				0179E61A185B993500AC2C88 /* SBJson.h */,
				0179E61B185B993500AC2C88 /* SBJsonParser.h */,
				0179E61C185B993500AC2C88 /* SBJsonParser.m */,
				0179E61D185B993500AC2C88 /* SBJsonStreamParser.h */,
				0179E61E185B993500AC2C88 /* SBJsonStreamParser.m */,
				0179E61F185B993500AC2C88 /* SBJsonStreamParserAccumulator.h */,
				0179E620185B993500AC2C88 /* SBJsonStreamParserAccumulator.m */,
				0179E621185B993500AC2C88 /* SBJsonStreamParserAdapter.h */,
				0179E622185B993500AC2C88 /* SBJsonStreamParserAdapter.m */,
				0179E623185B993500AC2C88 /* SBJsonStreamParserState.h */,
				0179E624185B993500AC2C88 /* SBJsonStreamParserState.m */,
				0179E625185B993500AC2C88 /* SBJsonStreamWriter.h */,
				0179E626185B993500AC2C88 /* SBJsonStreamWriter.m */,
				0179E627185B993500AC2C88 /* SBJsonStreamWriterAccumulator.h */,
				0179E628185B993500AC2C88 /* SBJsonStreamWriterAccumulator.m */,
				0179E629185B993500AC2C88 /* SBJsonStreamWriterState.h */,
				0179E62A185B993500AC2C88 /* SBJsonStreamWriterState.m */,
				0179E62B185B993500AC2C88 /* SBJsonTokeniser.h */,
				0179E62C185B993500AC2C88 /* SBJsonTokeniser.m */,
				0179E62D185B993500AC2C88 /* SBJsonUTF8Stream.h */,
				0179E62E185B993500AC2C88 /* SBJsonUTF8Stream.m */,
				0179E62F185B993500AC2C88 /* SBJsonWriter.h */,
				0179E630185B993500AC2C88 /* SBJsonWriter.m */,
			);
			name = JSON;
			sourceTree = "<group>";
		};
		0179E65B185CE77D00AC2C88 /* Oauth */ = {
			isa = PBXGroup;
			children = (
				0179E65C185CE78D00AC2C88 /* Categories */,
				0179E663185CE78D00AC2C88 /* Crypto */,
				0179E66A185CE78D00AC2C88 /* OAAttachment.h */,
				0179E66B185CE78D00AC2C88 /* OAAttachment.m */,
				0179E66C185CE78D00AC2C88 /* OACall.h */,
				0179E66D185CE78D00AC2C88 /* OACall.m */,
				0179E66E185CE78D00AC2C88 /* OAConsumer.h */,
				0179E66F185CE78D00AC2C88 /* OAConsumer.m */,
				0179E670185CE78D00AC2C88 /* OADataFetcher.h */,
				0179E671185CE78D00AC2C88 /* OADataFetcher.m */,
				0179E672185CE78D00AC2C88 /* OAHMAC_SHA1SignatureProvider.h */,
				0179E673185CE78D00AC2C88 /* OAHMAC_SHA1SignatureProvider.m */,
				0179E674185CE78D00AC2C88 /* OAMutableURLRequest.h */,
				0179E675185CE78D00AC2C88 /* OAMutableURLRequest.m */,
				0179E676185CE78D00AC2C88 /* OAPlaintextSignatureProvider.h */,
				0179E677185CE78D00AC2C88 /* OAPlaintextSignatureProvider.m */,
				0179E678185CE78D00AC2C88 /* OAProblem.h */,
				0179E679185CE78D00AC2C88 /* OAProblem.m */,
				0179E67A185CE78D00AC2C88 /* OARequestParameter.h */,
				0179E67B185CE78D00AC2C88 /* OARequestParameter.m */,
				0179E67C185CE78D00AC2C88 /* OAServiceTicket.h */,
				0179E67D185CE78D00AC2C88 /* OAServiceTicket.m */,
				0179E67E185CE78D00AC2C88 /* OASignatureProviding.h */,
				0179E67F185CE78D00AC2C88 /* OATestServer.rb */,
				0179E680185CE78D00AC2C88 /* OAToken.h */,
				0179E681185CE78D00AC2C88 /* OAToken.m */,
				0179E682185CE78D00AC2C88 /* OATokenManager.h */,
				0179E683185CE78D00AC2C88 /* OATokenManager.m */,
				0179E684185CE78D00AC2C88 /* OAuthConsumer.h */,
			);
			name = Oauth;
			sourceTree = "<group>";
		};
		0179E65C185CE78D00AC2C88 /* Categories */ = {
			isa = PBXGroup;
			children = (
				0179E65D185CE78D00AC2C88 /* NSMutableURLRequest+Parameters.h */,
				0179E65E185CE78D00AC2C88 /* NSMutableURLRequest+Parameters.m */,
				0179E65F185CE78D00AC2C88 /* NSString+URLEncoding.h */,
				0179E660185CE78D00AC2C88 /* NSString+URLEncoding.m */,
				0179E661185CE78D00AC2C88 /* NSURL+Base.h */,
				0179E662185CE78D00AC2C88 /* NSURL+Base.m */,
			);
			path = Categories;
			sourceTree = "<group>";
		};
		0179E663185CE78D00AC2C88 /* Crypto */ = {
			isa = PBXGroup;
			children = (
				0179E664185CE78D00AC2C88 /* Base64Transcoder.c */,
				0179E665185CE78D00AC2C88 /* Base64Transcoder.h */,
				0179E666185CE78D00AC2C88 /* hmac.c */,
				0179E667185CE78D00AC2C88 /* hmac.h */,
				0179E668185CE78D00AC2C88 /* sha1.c */,
				0179E669185CE78D00AC2C88 /* sha1.h */,
			);
			path = Crypto;
			sourceTree = "<group>";
		};
/* End PBXGroup section */

/* Begin PBXNativeTarget section */
		0179E599185B54F400AC2C88 /* FirstWebData */ = {
			isa = PBXNativeTarget;
			buildConfigurationList = 0179E5BD185B54F400AC2C88 /* Build configuration list for PBXNativeTarget "FirstWebData" */;
			buildPhases = (
				0179E596185B54F400AC2C88 /* Sources */,
				0179E597185B54F400AC2C88 /* Frameworks */,
				0179E598185B54F400AC2C88 /* Resources */,
			);
			buildRules = (
			);
			dependencies = (
			);
			name = FirstWebData;
			productName = FirstWebData;
			productReference = 0179E59A185B54F400AC2C88 /* FirstWebData.app */;
			productType = "com.apple.product-type.application";
		};
/* End PBXNativeTarget section */

/* Begin PBXProject section */
		0179E592185B54F400AC2C88 /* Project object */ = {
			isa = PBXProject;
			attributes = {
				LastUpgradeCheck = 0460;
				ORGANIZATIONNAME = Smartatech;
			};
			buildConfigurationList = 0179E595185B54F400AC2C88 /* Build configuration list for PBXProject "FirstWebData" */;
			compatibilityVersion = "Xcode 3.2";
			developmentRegion = English;
			hasScannedForEncodings = 0;
			knownRegions = (
				en,
			);
			mainGroup = 0179E591185B54F400AC2C88;
			productRefGroup = 0179E59B185B54F400AC2C88 /* Products */;
			projectDirPath = "";
			projectRoot = "";
			targets = (
				0179E599185B54F400AC2C88 /* FirstWebData */,
			);
		};
/* End PBXProject section */

/* Begin PBXResourcesBuildPhase section */
		0179E598185B54F400AC2C88 /* Resources */ = {
			isa = PBXResourcesBuildPhase;
			buildActionMask = 2147483647;
			files = (
				0179E5A8185B54F400AC2C88 /* InfoPlist.strings in Resources */,
				0179E5B0185B54F400AC2C88 /* Default.png in Resources */,
				0179E5B2185B54F400AC2C88 /* Default@2x.png in Resources */,
				0179E5B4185B54F400AC2C88 /* Default-568h@2x.png in Resources */,
				0179E5B7185B54F400AC2C88 /* MainStoryboard.storyboard in Resources */,
			);
			runOnlyForDeploymentPostprocessing = 0;
		};
/* End PBXResourcesBuildPhase section */

/* Begin PBXSourcesBuildPhase section */
		0179E596185B54F400AC2C88 /* Sources */ = {
			isa = PBXSourcesBuildPhase;
			buildActionMask = 2147483647;
			files = (
				0179E647185BA07C00AC2C88 /* Reachability.m in Sources */,
				0179E5BA185B54F400AC2C88 /* ViewController.m in Sources */,
				0179E648185BA07C00AC2C88 /* ASIAuthenticationDialog.m in Sources */,
				0179E649185BA07C00AC2C88 /* ASIDataCompressor.m in Sources */,
				0179E64A185BA07C00AC2C88 /* ASIDataDecompressor.m in Sources */,
				0179E651185BAA5100AC2C88 /* SBJsonWriter.m in Sources */,
				0179E650185BAA4C00AC2C88 /* SBJsonParser.m in Sources */,
				0179E64B185BA07C00AC2C88 /* ASIDownloadCache.m in Sources */,
				0179E64C185BA07C00AC2C88 /* ASIFormDataRequest.m in Sources */,
				0179E659185BAA8F00AC2C88 /* SBJsonUTF8Stream.m in Sources */,
				0179E656185BAA8300AC2C88 /* SBJsonStreamParserAccumulator.m in Sources */,
				0179E658185BAA8C00AC2C88 /* SBJsonStreamWriterAccumulator.m in Sources */,
				0179E657185BAA8900AC2C88 /* SBJsonStreamWriterState.m in Sources */,
				0179E65A185BAA9200AC2C88 /* SBJsonTokeniser.m in Sources */,
				0179E654185BAA7D00AC2C88 /* SBJsonStreamParserState.m in Sources */,
				0179E653185BAA7B00AC2C88 /* SBJsonStreamWriter.m in Sources */,
				0179E655185BAA8000AC2C88 /* SBJsonStreamParserAdapter.m in Sources */,
				0179E652185BAA7700AC2C88 /* SBJsonStreamParser.m in Sources */,
				0179E64D185BA07C00AC2C88 /* ASIHTTPRequest.m in Sources */,
				0179E64E185BA07C00AC2C88 /* ASIInputStream.m in Sources */,
				0179E64F185BA07C00AC2C88 /* ASINetworkQueue.m in Sources */,
				0179E5AA185B54F400AC2C88 /* main.m in Sources */,
				0179E5AE185B54F400AC2C88 /* AppDelegate.m in Sources */,
				01BDB0F418602E4F00609755 /* UPGrabData.m in Sources */,
				01BDB0F71862D48900609755 /* UPParseUrlData.m in Sources */,
				01BDB1001867602D00609755 /* TableViewController.m in Sources */,
			);
			runOnlyForDeploymentPostprocessing = 0;
		};
/* End PBXSourcesBuildPhase section */

/* Begin PBXVariantGroup section */
		0179E5A6185B54F400AC2C88 /* InfoPlist.strings */ = {
			isa = PBXVariantGroup;
			children = (
				0179E5A7185B54F400AC2C88 /* en */,
			);
			name = InfoPlist.strings;
			sourceTree = "<group>";
		};
		0179E5B5185B54F400AC2C88 /* MainStoryboard.storyboard */ = {
			isa = PBXVariantGroup;
			children = (
				0179E5B6185B54F400AC2C88 /* en */,
			);
			name = MainStoryboard.storyboard;
			sourceTree = "<group>";
		};
/* End PBXVariantGroup section */

/* Begin XCBuildConfiguration section */
		0179E5BB185B54F400AC2C88 /* Debug */ = {
			isa = XCBuildConfiguration;
			buildSettings = {
				ALWAYS_SEARCH_USER_PATHS = NO;
				CLANG_CXX_LANGUAGE_STANDARD = "gnu++0x";
				CLANG_CXX_LIBRARY = "libc++";
				CLANG_ENABLE_OBJC_ARC = YES;
				CLANG_WARN_CONSTANT_CONVERSION = YES;
				CLANG_WARN_EMPTY_BODY = YES;
				CLANG_WARN_ENUM_CONVERSION = YES;
				CLANG_WARN_INT_CONVERSION = YES;
				CLANG_WARN__DUPLICATE_METHOD_MATCH = YES;
				"CODE_SIGN_IDENTITY[sdk=iphoneos*]" = "iPhone Developer";
				COPY_PHASE_STRIP = NO;
				GCC_C_LANGUAGE_STANDARD = gnu99;
				GCC_DYNAMIC_NO_PIC = NO;
				GCC_OPTIMIZATION_LEVEL = 0;
				GCC_PREPROCESSOR_DEFINITIONS = (
					"DEBUG=1",
					"$(inherited)",
				);
				GCC_SYMBOLS_PRIVATE_EXTERN = NO;
				GCC_WARN_ABOUT_RETURN_TYPE = YES;
				GCC_WARN_UNINITIALIZED_AUTOS = YES;
				GCC_WARN_UNUSED_VARIABLE = YES;
				IPHONEOS_DEPLOYMENT_TARGET = 6.1;
				ONLY_ACTIVE_ARCH = YES;
				SDKROOT = iphoneos;
			};
			name = Debug;
		};
		0179E5BC185B54F400AC2C88 /* Release */ = {
			isa = XCBuildConfiguration;
			buildSettings = {
				ALWAYS_SEARCH_USER_PATHS = NO;
				CLANG_CXX_LANGUAGE_STANDARD = "gnu++0x";
				CLANG_CXX_LIBRARY = "libc++";
				CLANG_ENABLE_OBJC_ARC = YES;
				CLANG_WARN_CONSTANT_CONVERSION = YES;
				CLANG_WARN_EMPTY_BODY = YES;
				CLANG_WARN_ENUM_CONVERSION = YES;
				CLANG_WARN_INT_CONVERSION = YES;
				CLANG_WARN__DUPLICATE_METHOD_MATCH = YES;
				"CODE_SIGN_IDENTITY[sdk=iphoneos*]" = "iPhone Developer";
				COPY_PHASE_STRIP = YES;
				GCC_C_LANGUAGE_STANDARD = gnu99;
				GCC_WARN_ABOUT_RETURN_TYPE = YES;
				GCC_WARN_UNINITIALIZED_AUTOS = YES;
				GCC_WARN_UNUSED_VARIABLE = YES;
				IPHONEOS_DEPLOYMENT_TARGET = 6.1;
				OTHER_CFLAGS = "-DNS_BLOCK_ASSERTIONS=1";
				SDKROOT = iphoneos;
				VALIDATE_PRODUCT = YES;
			};
			name = Release;
		};
		0179E5BE185B54F400AC2C88 /* Debug */ = {
			isa = XCBuildConfiguration;
			buildSettings = {
				GCC_PRECOMPILE_PREFIX_HEADER = YES;
				GCC_PREFIX_HEADER = "FirstWebData/FirstWebData-Prefix.pch";
				"HEADER_SEARCH_PATHS[arch=*]" = $SDKROOT/usr/include/libxml2;
				INFOPLIST_FILE = "FirstWebData/FirstWebData-Info.plist";
				PRODUCT_NAME = "$(TARGET_NAME)";
				WRAPPER_EXTENSION = app;
			};
			name = Debug;
		};
		0179E5BF185B54F400AC2C88 /* Release */ = {
			isa = XCBuildConfiguration;
			buildSettings = {
				GCC_PRECOMPILE_PREFIX_HEADER = YES;
				GCC_PREFIX_HEADER = "FirstWebData/FirstWebData-Prefix.pch";
				"HEADER_SEARCH_PATHS[arch=*]" = $SDKROOT/usr/include/libxml2;
				INFOPLIST_FILE = "FirstWebData/FirstWebData-Info.plist";
				PRODUCT_NAME = "$(TARGET_NAME)";
				WRAPPER_EXTENSION = app;
			};
			name = Release;
		};
/* End XCBuildConfiguration section */

/* Begin XCConfigurationList section */
		0179E595185B54F400AC2C88 /* Build configuration list for PBXProject "FirstWebData" */ = {
			isa = XCConfigurationList;
			buildConfigurations = (
				0179E5BB185B54F400AC2C88 /* Debug */,
				0179E5BC185B54F400AC2C88 /* Release */,
			);
			defaultConfigurationIsVisible = 0;
			defaultConfigurationName = Release;
		};
		0179E5BD185B54F400AC2C88 /* Build configuration list for PBXNativeTarget "FirstWebData" */ = {
			isa = XCConfigurationList;
			buildConfigurations = (
				0179E5BE185B54F400AC2C88 /* Debug */,
				0179E5BF185B54F400AC2C88 /* Release */,
			);
			defaultConfigurationIsVisible = 0;
			defaultConfigurationName = Release;
		};
/* End XCConfigurationList section */
	};
	rootObject = 0179E592185B54F400AC2C88 /* Project object */;
}
